{
  "name": "@cly-org/switchbot-codex-plugin",
  "version": "0.8.2",
  "lockfileVersion": 3,
  "requires": true,
  "packages": {
    "": {
      "name": "@cly-org/switchbot-codex-plugin",
      "version": "0.8.2",
      "license": "MIT",
      "bin": {
        "switchbot-codex-auth": "bin/auth.js",
        "switchbot-codex-install": "bin/install.js"
      },
      "engines": {
        "node": ">=18"
      },
      "peerDependencies": {
        "@switchbot/openapi-cli": ">=3.7.1"
      },
      "peerDependenciesMeta": {
        "@switchbot/openapi-cli": {
          "optional": true
        }
      }
    }
  }
}
